// !$*UTF8*$!
{
	archiveVersion = 1;
	classes = {
	};
	objectVersion = 50;
	objects = {

/* Begin PBXBuildFile section */
		EE3CC71224B31A9800EAE199 /* AttributedTextChallenge.swift in Sources */ = {isa = PBXBuildFile; fileRef = EE3CC71124B31A9800EAE199 /* AttributedTextChallenge.swift */; };
		EE48E38A24ADAED300EC6B66 /* ImageChallengeView.swift in Sources */ = {isa = PBXBuildFile; fileRef = EE48E38924ADAED300EC6B66 /* ImageChallengeView.swift */; };
		EE544A2924AA2D3400698415 /* SwiftUIChallengeApp.swift in Sources */ = {isa = PBXBuildFile; fileRef = EE544A2824AA2D3400698415 /* SwiftUIChallengeApp.swift */; };
		EE544A2B24AA2D3400698415 /* ContentView.swift in Sources */ = {isa = PBXBuildFile; fileRef = EE544A2A24AA2D3400698415 /* ContentView.swift */; };
		EE544A2D24AA2D3500698415 /* Assets.xcassets in Resources */ = {isa = PBXBuildFile; fileRef = EE544A2C24AA2D3500698415 /* Assets.xcassets */; };
		EE544A3024AA2D3500698415 /* Preview Assets.xcassets in Resources */ = {isa = PBXBuildFile; fileRef = EE544A2F24AA2D3500698415 /* Preview Assets.xcassets */; };
		EE544A3924AA2D7D00698415 /* TextChallengeView.swift in Sources */ = {isa = PBXBuildFile; fileRef = EE544A3824AA2D7D00698415 /* TextChallengeView.swift */; };
		EE5CA8EC24C2D36D008830E6 /* ListWithSegmentedControlChallenge.swift in Sources */ = {isa = PBXBuildFile; fileRef = EE5CA8EB24C2D36D008830E6 /* ListWithSegmentedControlChallenge.swift */; };
		EE7666C524B1C06900224A66 /* UIView+Custom.swift in Sources */ = {isa = PBXBuildFile; fileRef = EE7666C224B1C06900224A66 /* UIView+Custom.swift */; };
		EE7666C624B1C06900224A66 /* AddOverlay.swift in Sources */ = {isa = PBXBuildFile; fileRef = EE7666C324B1C06900224A66 /* AddOverlay.swift */; };
		EE7666C724B1C06900224A66 /* OutlinedText.swift in Sources */ = {isa = PBXBuildFile; fileRef = EE7666C424B1C06900224A66 /* OutlinedText.swift */; };
		EE76DB3D24C307F400BEC679 /* ContactDetails.swift in Sources */ = {isa = PBXBuildFile; fileRef = EE76DB3C24C307F400BEC679 /* ContactDetails.swift */; };
		EE8D6D9024BC948C00F26B34 /* GradientButtonStyle.swift in Sources */ = {isa = PBXBuildFile; fileRef = EE8D6D8F24BC948C00F26B34 /* GradientButtonStyle.swift */; };
		EE8D6D9224BC95D000F26B34 /* ButtonChallenge.swift in Sources */ = {isa = PBXBuildFile; fileRef = EE8D6D9124BC95D000F26B34 /* ButtonChallenge.swift */; };
		EE8D6D9624BC97D400F26B34 /* ShadowButtonStyle.swift in Sources */ = {isa = PBXBuildFile; fileRef = EE8D6D9524BC97D400F26B34 /* ShadowButtonStyle.swift */; };
		EE91A59D24BA489E00B225C2 /* StackChallengeView.swift in Sources */ = {isa = PBXBuildFile; fileRef = EE91A59C24BA489E00B225C2 /* StackChallengeView.swift */; };
		EE91A62224BB736300B225C2 /* ScrollChallenge.swift in Sources */ = {isa = PBXBuildFile; fileRef = EE91A62124BB736300B225C2 /* ScrollChallenge.swift */; };
/* End PBXBuildFile section */

/* Begin PBXFileReference section */
		EE3CC71124B31A9800EAE199 /* AttributedTextChallenge.swift */ = {isa = PBXFileReference; lastKnownFileType = sourcecode.swift; path = AttributedTextChallenge.swift; sourceTree = "<group>"; };
		EE48E38924ADAED300EC6B66 /* ImageChallengeView.swift */ = {isa = PBXFileReference; lastKnownFileType = sourcecode.swift; path = ImageChallengeView.swift; sourceTree = "<group>"; };
		EE544A2524AA2D3400698415 /* SwiftUIChallenge.app */ = {isa = PBXFileReference; explicitFileType = wrapper.application; includeInIndex = 0; path = SwiftUIChallenge.app; sourceTree = BUILT_PRODUCTS_DIR; };
		EE544A2824AA2D3400698415 /* SwiftUIChallengeApp.swift */ = {isa = PBXFileReference; lastKnownFileType = sourcecode.swift; path = SwiftUIChallengeApp.swift; sourceTree = "<group>"; };
		EE544A2A24AA2D3400698415 /* ContentView.swift */ = {isa = PBXFileReference; lastKnownFileType = sourcecode.swift; path = ContentView.swift; sourceTree = "<group>"; };
		EE544A2C24AA2D3500698415 /* Assets.xcassets */ = {isa = PBXFileReference; lastKnownFileType = folder.assetcatalog; path = Assets.xcassets; sourceTree = "<group>"; };
		EE544A2F24AA2D3500698415 /* Preview Assets.xcassets */ = {isa = PBXFileReference; lastKnownFileType = folder.assetcatalog; path = "Preview Assets.xcassets"; sourceTree = "<group>"; };
		EE544A3124AA2D3500698415 /* Info.plist */ = {isa = PBXFileReference; lastKnownFileType = text.plist.xml; path = Info.plist; sourceTree = "<group>"; };
		EE544A3824AA2D7D00698415 /* TextChallengeView.swift */ = {isa = PBXFileReference; lastKnownFileType = sourcecode.swift; path = TextChallengeView.swift; sourceTree = "<group>"; };
		EE5CA8EB24C2D36D008830E6 /* ListWithSegmentedControlChallenge.swift */ = {isa = PBXFileReference; lastKnownFileType = sourcecode.swift; path = ListWithSegmentedControlChallenge.swift; sourceTree = "<group>"; };
		EE7666C224B1C06900224A66 /* UIView+Custom.swift */ = {isa = PBXFileReference; fileEncoding = 4; lastKnownFileType = sourcecode.swift; path = "UIView+Custom.swift"; sourceTree = "<group>"; };
		EE7666C324B1C06900224A66 /* AddOverlay.swift */ = {isa = PBXFileReference; fileEncoding = 4; lastKnownFileType = sourcecode.swift; path = AddOverlay.swift; sourceTree = "<group>"; };
		EE7666C424B1C06900224A66 /* OutlinedText.swift */ = {isa = PBXFileReference; fileEncoding = 4; lastKnownFileType = sourcecode.swift; path = OutlinedText.swift; sourceTree = "<group>"; };
		EE76DB3C24C307F400BEC679 /* ContactDetails.swift */ = {isa = PBXFileReference; lastKnownFileType = sourcecode.swift; path = ContactDetails.swift; sourceTree = "<group>"; };
		EE8D6D8F24BC948C00F26B34 /* GradientButtonStyle.swift */ = {isa = PBXFileReference; lastKnownFileType = sourcecode.swift; path = GradientButtonStyle.swift; sourceTree = "<group>"; };
		EE8D6D9124BC95D000F26B34 /* ButtonChallenge.swift */ = {isa = PBXFileReference; lastKnownFileType = sourcecode.swift; path = ButtonChallenge.swift; sourceTree = "<group>"; };
		EE8D6D9524BC97D400F26B34 /* ShadowButtonStyle.swift */ = {isa = PBXFileReference; lastKnownFileType = sourcecode.swift; path = ShadowButtonStyle.swift; sourceTree = "<group>"; };
		EE91A59C24BA489E00B225C2 /* StackChallengeView.swift */ = {isa = PBXFileReference; lastKnownFileType = sourcecode.swift; path = StackChallengeView.swift; sourceTree = "<group>"; };
		EE91A62124BB736300B225C2 /* ScrollChallenge.swift */ = {isa = PBXFileReference; lastKnownFileType = sourcecode.swift; path = ScrollChallenge.swift; sourceTree = "<group>"; };
/* End PBXFileReference section */

/* Begin PBXFrameworksBuildPhase section */
		EE544A2224AA2D3400698415 /* Frameworks */ = {
			isa = PBXFrameworksBuildPhase;
			buildActionMask = 2147483647;
			files = (
			);
			runOnlyForDeploymentPostprocessing = 0;
		};
/* End PBXFrameworksBuildPhase section */

/* Begin PBXGroup section */
		EE48E38824ADAE8400EC6B66 /* Images */ = {
			isa = PBXGroup;
			children = (
				EE48E38924ADAED300EC6B66 /* ImageChallengeView.swift */,
			);
			path = Images;
			sourceTree = "<group>";
		};
		EE544A1C24AA2D3400698415 = {
			isa = PBXGroup;
			children = (
				EE544A2724AA2D3400698415 /* SwiftUIChallenge */,
				EE544A2624AA2D3400698415 /* Products */,
			);
			sourceTree = "<group>";
		};
		EE544A2624AA2D3400698415 /* Products */ = {
			isa = PBXGroup;
			children = (
				EE544A2524AA2D3400698415 /* SwiftUIChallenge.app */,
			);
			name = Products;
			sourceTree = "<group>";
		};
		EE544A2724AA2D3400698415 /* SwiftUIChallenge */ = {
			isa = PBXGroup;
			children = (
				EE5CA8EA24C2D174008830E6 /* SegmentedControl */,
				EE8D6D8C24BC943C00F26B34 /* Button */,
				EE91A59724BA249A00B225C2 /* Stack */,
				EE48E38824ADAE8400EC6B66 /* Images */,
				EE544A3724AA2D5300698415 /* Text */,
				EE544A2824AA2D3400698415 /* SwiftUIChallengeApp.swift */,
				EE544A2A24AA2D3400698415 /* ContentView.swift */,
				EE544A2C24AA2D3500698415 /* Assets.xcassets */,
				EE544A3124AA2D3500698415 /* Info.plist */,
				EE544A2E24AA2D3500698415 /* Preview Content */,
			);
			path = SwiftUIChallenge;
			sourceTree = "<group>";
		};
		EE544A2E24AA2D3500698415 /* Preview Content */ = {
			isa = PBXGroup;
			children = (
				EE544A2F24AA2D3500698415 /* Preview Assets.xcassets */,
			);
			path = "Preview Content";
			sourceTree = "<group>";
		};
		EE544A3724AA2D5300698415 /* Text */ = {
			isa = PBXGroup;
			children = (
				EE7666C124B1C06900224A66 /* Components */,
				EE544A3824AA2D7D00698415 /* TextChallengeView.swift */,
				EE3CC71124B31A9800EAE199 /* AttributedTextChallenge.swift */,
			);
			path = Text;
			sourceTree = "<group>";
		};
		EE5CA8EA24C2D174008830E6 /* SegmentedControl */ = {
			isa = PBXGroup;
			children = (
				EE5CA8EB24C2D36D008830E6 /* ListWithSegmentedControlChallenge.swift */,
				EE76DB3C24C307F400BEC679 /* ContactDetails.swift */,
			);
			path = SegmentedControl;
			sourceTree = "<group>";
		};
		EE7666C124B1C06900224A66 /* Components */ = {
			isa = PBXGroup;
			children = (
				EE7666C224B1C06900224A66 /* UIView+Custom.swift */,
				EE7666C324B1C06900224A66 /* AddOverlay.swift */,
				EE7666C424B1C06900224A66 /* OutlinedText.swift */,
			);
			path = Components;
			sourceTree = "<group>";
		};
		EE8D6D8C24BC943C00F26B34 /* Button */ = {
			isa = PBXGroup;
			children = (
				EE8D6D8D24BC945400F26B34 /* GradientButton */,
				EE8D6D9124BC95D000F26B34 /* ButtonChallenge.swift */,
			);
			path = Button;
			sourceTree = "<group>";
		};
		EE8D6D8D24BC945400F26B34 /* GradientButton */ = {
			isa = PBXGroup;
			children = (
				EE8D6D8F24BC948C00F26B34 /* GradientButtonStyle.swift */,
				EE8D6D9524BC97D400F26B34 /* ShadowButtonStyle.swift */,
			);
			path = GradientButton;
			sourceTree = "<group>";
		};
		EE91A59724BA249A00B225C2 /* Stack */ = {
			isa = PBXGroup;
			children = (
				EE91A59C24BA489E00B225C2 /* StackChallengeView.swift */,
				EE91A62124BB736300B225C2 /* ScrollChallenge.swift */,
			);
			path = Stack;
			sourceTree = "<group>";
		};
/* End PBXGroup section */

/* Begin PBXNativeTarget section */
		EE544A2424AA2D3400698415 /* SwiftUIChallenge */ = {
			isa = PBXNativeTarget;
			buildConfigurationList = EE544A3424AA2D3500698415 /* Build configuration list for PBXNativeTarget "SwiftUIChallenge" */;
			buildPhases = (
				EE544A2124AA2D3400698415 /* Sources */,
				EE544A2224AA2D3400698415 /* Frameworks */,
				EE544A2324AA2D3400698415 /* Resources */,
			);
			buildRules = (
			);
			dependencies = (
			);
			name = SwiftUIChallenge;
			productName = SwiftUIChallenge;
			productReference = EE544A2524AA2D3400698415 /* SwiftUIChallenge.app */;
			productType = "com.apple.product-type.application";
		};
/* End PBXNativeTarget section */

/* Begin PBXProject section */
		EE544A1D24AA2D3400698415 /* Project object */ = {
			isa = PBXProject;
			attributes = {
				LastSwiftUpdateCheck = 1200;
				LastUpgradeCheck = 1200;
				TargetAttributes = {
					EE544A2424AA2D3400698415 = {
						CreatedOnToolsVersion = 12.0;
					};
				};
			};
			buildConfigurationList = EE544A2024AA2D3400698415 /* Build configuration list for PBXProject "SwiftUIChallenge" */;
			compatibilityVersion = "Xcode 9.3";
			developmentRegion = en;
			hasScannedForEncodings = 0;
			knownRegions = (
				en,
				Base,
			);
			mainGroup = EE544A1C24AA2D3400698415;
			productRefGroup = EE544A2624AA2D3400698415 /* Products */;
			projectDirPath = "";
			projectRoot = "";
			targets = (
				EE544A2424AA2D3400698415 /* SwiftUIChallenge */,
			);
		};
/* End PBXProject section */

/* Begin PBXResourcesBuildPhase section */
		EE544A2324AA2D3400698415 /* Resources */ = {
			isa = PBXResourcesBuildPhase;
			buildActionMask = 2147483647;
			files = (
				EE544A3024AA2D3500698415 /* Preview Assets.xcassets in Resources */,
				EE544A2D24AA2D3500698415 /* Assets.xcassets in Resources */,
			);
			runOnlyForDeploymentPostprocessing = 0;
		};
/* End PBXResourcesBuildPhase section */

/* Begin PBXSourcesBuildPhase section */
		EE544A2124AA2D3400698415 /* Sources */ = {
			isa = PBXSourcesBuildPhase;
			buildActionMask = 2147483647;
			files = (
				EE48E38A24ADAED300EC6B66 /* ImageChallengeView.swift in Sources */,
				EE76DB3D24C307F400BEC679 /* ContactDetails.swift in Sources */,
				EE7666C524B1C06900224A66 /* UIView+Custom.swift in Sources */,
				EE7666C724B1C06900224A66 /* OutlinedText.swift in Sources */,
				EE91A59D24BA489E00B225C2 /* StackChallengeView.swift in Sources */,
				EE5CA8EC24C2D36D008830E6 /* ListWithSegmentedControlChallenge.swift in Sources */,
				EE91A62224BB736300B225C2 /* ScrollChallenge.swift in Sources */,
				EE8D6D9624BC97D400F26B34 /* ShadowButtonStyle.swift in Sources */,
				EE544A3924AA2D7D00698415 /* TextChallengeView.swift in Sources */,
				EE3CC71224B31A9800EAE199 /* AttributedTextChallenge.swift in Sources */,
				EE8D6D9224BC95D000F26B34 /* ButtonChallenge.swift in Sources */,
				EE8D6D9024BC948C00F26B34 /* GradientButtonStyle.swift in Sources */,
				EE544A2B24AA2D3400698415 /* ContentView.swift in Sources */,
				EE7666C624B1C06900224A66 /* AddOverlay.swift in Sources */,
				EE544A2924AA2D3400698415 /* SwiftUIChallengeApp.swift in Sources */,
			);
			runOnlyForDeploymentPostprocessing = 0;
		};
/* End PBXSourcesBuildPhase section */

/* Begin XCBuildConfiguration section */
		EE544A3224AA2D3500698415 /* Debug */ = {
			isa = XCBuildConfiguration;
			buildSettings = {
				ALWAYS_SEARCH_USER_PATHS = NO;
				CLANG_ANALYZER_NONNULL = YES;
				CLANG_ANALYZER_NUMBER_OBJECT_CONVERSION = YES_AGGRESSIVE;
				CLANG_CXX_LANGUAGE_STANDARD = "gnu++14";
				CLANG_CXX_LIBRARY = "libc++";
				CLANG_ENABLE_MODULES = YES;
				CLANG_ENABLE_OBJC_ARC = YES;
				CLANG_ENABLE_OBJC_WEAK = YES;
				CLANG_WARN_BLOCK_CAPTURE_AUTORELEASING = YES;
				CLANG_WARN_BOOL_CONVERSION = YES;
				CLANG_WARN_COMMA = YES;
				CLANG_WARN_CONSTANT_CONVERSION = YES;
				CLANG_WARN_DEPRECATED_OBJC_IMPLEMENTATIONS = YES;
				CLANG_WARN_DIRECT_OBJC_ISA_USAGE = YES_ERROR;
				CLANG_WARN_DOCUMENTATION_COMMENTS = YES;
				CLANG_WARN_EMPTY_BODY = YES;
				CLANG_WARN_ENUM_CONVERSION = YES;
				CLANG_WARN_INFINITE_RECURSION = YES;
				CLANG_WARN_INT_CONVERSION = YES;
				CLANG_WARN_NON_LITERAL_NULL_CONVERSION = YES;
				CLANG_WARN_OBJC_IMPLICIT_RETAIN_SELF = YES;
				CLANG_WARN_OBJC_LITERAL_CONVERSION = YES;
				CLANG_WARN_OBJC_ROOT_CLASS = YES_ERROR;
				CLANG_WARN_QUOTED_INCLUDE_IN_FRAMEWORK_HEADER = YES;
				CLANG_WARN_RANGE_LOOP_ANALYSIS = YES;
				CLANG_WARN_STRICT_PROTOTYPES = YES;
				CLANG_WARN_SUSPICIOUS_MOVE = YES;
				CLANG_WARN_UNGUARDED_AVAILABILITY = YES_AGGRESSIVE;
				CLANG_WARN_UNREACHABLE_CODE = YES;
				CLANG_WARN__DUPLICATE_METHOD_MATCH = YES;
				COPY_PHASE_STRIP = NO;
				DEBUG_INFORMATION_FORMAT = dwarf;
				ENABLE_STRICT_OBJC_MSGSEND = YES;
				ENABLE_TESTABILITY = YES;
				GCC_C_LANGUAGE_STANDARD = gnu11;
				GCC_DYNAMIC_NO_PIC = NO;
				GCC_NO_COMMON_BLOCKS = YES;
				GCC_OPTIMIZATION_LEVEL = 0;
				GCC_PREPROCESSOR_DEFINITIONS = (
					"DEBUG=1",
					"$(inherited)",
				);
				GCC_WARN_64_TO_32_BIT_CONVERSION = YES;
				GCC_WARN_ABOUT_RETURN_TYPE = YES_ERROR;
				GCC_WARN_UNDECLARED_SELECTOR = YES;
				GCC_WARN_UNINITIALIZED_AUTOS = YES_AGGRESSIVE;
				GCC_WARN_UNUSED_FUNCTION = YES;
				GCC_WARN_UNUSED_VARIABLE = YES;
				IPHONEOS_DEPLOYMENT_TARGET = 14.0;
				MTL_ENABLE_DEBUG_INFO = INCLUDE_SOURCE;
				MTL_FAST_MATH = YES;
				ONLY_ACTIVE_ARCH = YES;
				SDKROOT = iphoneos;
				SWIFT_ACTIVE_COMPILATION_CONDITIONS = DEBUG;
				SWIFT_OPTIMIZATION_LEVEL = "-Onone";
			};
			name = Debug;
		};
		EE544A3324AA2D3500698415 /* Release */ = {
			isa = XCBuildConfiguration;
			buildSettings = {
				ALWAYS_SEARCH_USER_PATHS = NO;
				CLANG_ANALYZER_NONNULL = YES;
				CLANG_ANALYZER_NUMBER_OBJECT_CONVERSION = YES_AGGRESSIVE;
				CLANG_CXX_LANGUAGE_STANDARD = "gnu++14";
				CLANG_CXX_LIBRARY = "libc++";
				CLANG_ENABLE_MODULES = YES;
				CLANG_ENABLE_OBJC_ARC = YES;
				CLANG_ENABLE_OBJC_WEAK = YES;
				CLANG_WARN_BLOCK_CAPTURE_AUTORELEASING = YES;
				CLANG_WARN_BOOL_CONVERSION = YES;
				CLANG_WARN_COMMA = YES;
				CLANG_WARN_CONSTANT_CONVERSION = YES;
				CLANG_WARN_DEPRECATED_OBJC_IMPLEMENTATIONS = YES;
				CLANG_WARN_DIRECT_OBJC_ISA_USAGE = YES_ERROR;
				CLANG_WARN_DOCUMENTATION_COMMENTS = YES;
				CLANG_WARN_EMPTY_BODY = YES;
				CLANG_WARN_ENUM_CONVERSION = YES;
				CLANG_WARN_INFINITE_RECURSION = YES;
				CLANG_WARN_INT_CONVERSION = YES;
				CLANG_WARN_NON_LITERAL_NULL_CONVERSION = YES;
				CLANG_WARN_OBJC_IMPLICIT_RETAIN_SELF = YES;
				CLANG_WARN_OBJC_LITERAL_CONVERSION = YES;
				CLANG_WARN_OBJC_ROOT_CLASS = YES_ERROR;
				CLANG_WARN_QUOTED_INCLUDE_IN_FRAMEWORK_HEADER = YES;
				CLANG_WARN_RANGE_LOOP_ANALYSIS = YES;
				CLANG_WARN_STRICT_PROTOTYPES = YES;
				CLANG_WARN_SUSPICIOUS_MOVE = YES;
				CLANG_WARN_UNGUARDED_AVAILABILITY = YES_AGGRESSIVE;
				CLANG_WARN_UNREACHABLE_CODE = YES;
				CLANG_WARN__DUPLICATE_METHOD_MATCH = YES;
				COPY_PHASE_STRIP = NO;
				DEBUG_INFORMATION_FORMAT = "dwarf-with-dsym";
				ENABLE_NS_ASSERTIONS = NO;
				ENABLE_STRICT_OBJC_MSGSEND = YES;
				GCC_C_LANGUAGE_STANDARD = gnu11;
				GCC_NO_COMMON_BLOCKS = YES;
				GCC_WARN_64_TO_32_BIT_CONVERSION = YES;
				GCC_WARN_ABOUT_RETURN_TYPE = YES_ERROR;
				GCC_WARN_UNDECLARED_SELECTOR = YES;
				GCC_WARN_UNINITIALIZED_AUTOS = YES_AGGRESSIVE;
				GCC_WARN_UNUSED_FUNCTION = YES;
				GCC_WARN_UNUSED_VARIABLE = YES;
				IPHONEOS_DEPLOYMENT_TARGET = 14.0;
				MTL_ENABLE_DEBUG_INFO = NO;
				MTL_FAST_MATH = YES;
				SDKROOT = iphoneos;
				SWIFT_COMPILATION_MODE = wholemodule;
				SWIFT_OPTIMIZATION_LEVEL = "-O";
				VALIDATE_PRODUCT = YES;
			};
			name = Release;
		};
		EE544A3524AA2D3500698415 /* Debug */ = {
			isa = XCBuildConfiguration;
			buildSettings = {
				ASSETCATALOG_COMPILER_APPICON_NAME = AppIcon;
				ASSETCATALOG_COMPILER_GLOBAL_ACCENT_COLOR_NAME = AccentColor;
				CODE_SIGN_STYLE = Automatic;
				DEVELOPMENT_ASSET_PATHS = "\"SwiftUIChallenge/Preview Content\"";
				DEVELOPMENT_TEAM = N445XVR2VL;
				ENABLE_PREVIEWS = YES;
				INFOPLIST_FILE = SwiftUIChallenge/Info.plist;
				IPHONEOS_DEPLOYMENT_TARGET = 14.0;
				LD_RUNPATH_SEARCH_PATHS = (
					"$(inherited)",
					"@executable_path/Frameworks",
				);
				PRODUCT_BUNDLE_IDENTIFIER = com.100DaysofSwiftUI.SwiftUIChallenge;
				PRODUCT_NAME = "$(TARGET_NAME)";
				SWIFT_VERSION = 5.0;
				TARGETED_DEVICE_FAMILY = "1,2";
			};
			name = Debug;
		};
		EE544A3624AA2D3500698415 /* Release */ = {
			isa = XCBuildConfiguration;
			buildSettings = {
				ASSETCATALOG_COMPILER_APPICON_NAME = AppIcon;
				ASSETCATALOG_COMPILER_GLOBAL_ACCENT_COLOR_NAME = AccentColor;
				CODE_SIGN_STYLE = Automatic;
				DEVELOPMENT_ASSET_PATHS = "\"SwiftUIChallenge/Preview Content\"";
				DEVELOPMENT_TEAM = N445XVR2VL;
				ENABLE_PREVIEWS = YES;
				INFOPLIST_FILE = SwiftUIChallenge/Info.plist;
				IPHONEOS_DEPLOYMENT_TARGET = 14.0;
				LD_RUNPATH_SEARCH_PATHS = (
					"$(inherited)",
					"@executable_path/Frameworks",
				);
				PRODUCT_BUNDLE_IDENTIFIER = com.100DaysofSwiftUI.SwiftUIChallenge;
				PRODUCT_NAME = "$(TARGET_NAME)";
				SWIFT_VERSION = 5.0;
				TARGETED_DEVICE_FAMILY = "1,2";
			};
			name = Release;
		};
/* End XCBuildConfiguration section */

/* Begin XCConfigurationList section */
		EE544A2024AA2D3400698415 /* Build configuration list for PBXProject "SwiftUIChallenge" */ = {
			isa = XCConfigurationList;
			buildConfigurations = (
				EE544A3224AA2D3500698415 /* Debug */,
				EE544A3324AA2D3500698415 /* Release */,
			);
			defaultConfigurationIsVisible = 0;
			defaultConfigurationName = Release;
		};
		EE544A3424AA2D3500698415 /* Build configuration list for PBXNativeTarget "SwiftUIChallenge" */ = {
			isa = XCConfigurationList;
			buildConfigurations = (
				EE544A3524AA2D3500698415 /* Debug */,
				EE544A3624AA2D3500698415 /* Release */,
			);
			defaultConfigurationIsVisible = 0;
			defaultConfigurationName = Release;
		};
/* End XCConfigurationList section */
	};
	rootObject = EE544A1D24AA2D3400698415 /* Project object */;
}
